// !$*UTF8*$!
{
	archiveVersion = 1;
	classes = {
	};
	objectVersion = 56;
	objects = {

/* Begin PBXBuildFile section */
		7919095629CDC53E00289B54 /* ProjectDetailsViewController.swift in Sources */ = {isa = PBXBuildFile; fileRef = 7919095529CDC53E00289B54 /* ProjectDetailsViewController.swift */; };
		7919095A29CDC8BB00289B54 /* VerticalCollectionView.swift in Sources */ = {isa = PBXBuildFile; fileRef = 7919095929CDC8BB00289B54 /* VerticalCollectionView.swift */; };
		7930A30229DEC45C0068D5E5 /* UICollectionView+Ext.swift in Sources */ = {isa = PBXBuildFile; fileRef = 7930A30129DEC45C0068D5E5 /* UICollectionView+Ext.swift */; };
		7930A30429DEF1A50068D5E5 /* CommonConstants.swift in Sources */ = {isa = PBXBuildFile; fileRef = 7930A30329DEF1A40068D5E5 /* CommonConstants.swift */; };
		7930A30629DEF43A0068D5E5 /* AlertPresenter.swift in Sources */ = {isa = PBXBuildFile; fileRef = 7930A30529DEF43A0068D5E5 /* AlertPresenter.swift */; };
		7930A30C29DF18CC0068D5E5 /* CoreDataManager.swift in Sources */ = {isa = PBXBuildFile; fileRef = 7930A30B29DF18CC0068D5E5 /* CoreDataManager.swift */; };
		7930A30F29E0199B0068D5E5 /* Strings.swift in Sources */ = {isa = PBXBuildFile; fileRef = 7930A30E29E0199B0068D5E5 /* Strings.swift */; };
		795C729129E8722F004DB7E9 /* DataModel.xcdatamodeld in Sources */ = {isa = PBXBuildFile; fileRef = 795C728F29E8722F004DB7E9 /* DataModel.xcdatamodeld */; };
		795C72B329EA2975004DB7E9 /* CameraViewController.swift in Sources */ = {isa = PBXBuildFile; fileRef = 795C72B229EA2975004DB7E9 /* CameraViewController.swift */; };
		795C72B829F14A38004DB7E9 /* ViewModel.swift in Sources */ = {isa = PBXBuildFile; fileRef = 795C72B729F14A38004DB7E9 /* ViewModel.swift */; };
		795C72BA29F14ECF004DB7E9 /* Images.swift in Sources */ = {isa = PBXBuildFile; fileRef = 795C72B929F14ECF004DB7E9 /* Images.swift */; };
		795C72BE29F19EF6004DB7E9 /* Logger.swift in Sources */ = {isa = PBXBuildFile; fileRef = 795C72BD29F19EF6004DB7E9 /* Logger.swift */; };
		798FD1D829BD6D7F00C057A0 /* AppDelegate.swift in Sources */ = {isa = PBXBuildFile; fileRef = 798FD1D729BD6D7F00C057A0 /* AppDelegate.swift */; };
		798FD1DA29BD6D7F00C057A0 /* SceneDelegate.swift in Sources */ = {isa = PBXBuildFile; fileRef = 798FD1D929BD6D7F00C057A0 /* SceneDelegate.swift */; };
		798FD1E129BD6D8000C057A0 /* Assets.xcassets in Resources */ = {isa = PBXBuildFile; fileRef = 798FD1E029BD6D8000C057A0 /* Assets.xcassets */; };
		798FD1E429BD6D8000C057A0 /* LaunchScreen.storyboard in Resources */ = {isa = PBXBuildFile; fileRef = 798FD1E229BD6D8000C057A0 /* LaunchScreen.storyboard */; };
		798FD1EC29BD6E3800C057A0 /* ProjectsListViewController.swift in Sources */ = {isa = PBXBuildFile; fileRef = 798FD1EB29BD6E3800C057A0 /* ProjectsListViewController.swift */; };
		798FD1F429C0A53A00C057A0 /* CommonCollectionViewCell.swift in Sources */ = {isa = PBXBuildFile; fileRef = 798FD1F229C0A53A00C057A0 /* CommonCollectionViewCell.swift */; };
		79AA65112A0264EB00BDE66A /* BusinessModelManager.swift in Sources */ = {isa = PBXBuildFile; fileRef = 79AA65102A0264EB00BDE66A /* BusinessModelManager.swift */; };
		79AA65132A0272C800BDE66A /* UIImage+Ext.swift in Sources */ = {isa = PBXBuildFile; fileRef = 79AA65122A0272C800BDE66A /* UIImage+Ext.swift */; };
		79AA65152A0272FA00BDE66A /* Data+Ext.swift in Sources */ = {isa = PBXBuildFile; fileRef = 79AA65142A0272FA00BDE66A /* Data+Ext.swift */; };
		79AA65192A02815100BDE66A /* Array+Ext.swift in Sources */ = {isa = PBXBuildFile; fileRef = 79AA65182A02815100BDE66A /* Array+Ext.swift */; };
		79B2CFF02A163B2C00CB056E /* Predicates.swift in Sources */ = {isa = PBXBuildFile; fileRef = 79B2CFEF2A163B2C00CB056E /* Predicates.swift */; };
/* End PBXBuildFile section */

/* Begin PBXFileReference section */
		7919095529CDC53E00289B54 /* ProjectDetailsViewController.swift */ = {isa = PBXFileReference; lastKnownFileType = sourcecode.swift; path = ProjectDetailsViewController.swift; sourceTree = "<group>"; };
		7919095929CDC8BB00289B54 /* VerticalCollectionView.swift */ = {isa = PBXFileReference; lastKnownFileType = sourcecode.swift; path = VerticalCollectionView.swift; sourceTree = "<group>"; };
		7930A30129DEC45C0068D5E5 /* UICollectionView+Ext.swift */ = {isa = PBXFileReference; lastKnownFileType = sourcecode.swift; path = "UICollectionView+Ext.swift"; sourceTree = "<group>"; };
		7930A30329DEF1A40068D5E5 /* CommonConstants.swift */ = {isa = PBXFileReference; lastKnownFileType = sourcecode.swift; path = CommonConstants.swift; sourceTree = "<group>"; };
		7930A30529DEF43A0068D5E5 /* AlertPresenter.swift */ = {isa = PBXFileReference; lastKnownFileType = sourcecode.swift; path = AlertPresenter.swift; sourceTree = "<group>"; };
		7930A30B29DF18CC0068D5E5 /* CoreDataManager.swift */ = {isa = PBXFileReference; lastKnownFileType = sourcecode.swift; path = CoreDataManager.swift; sourceTree = "<group>"; };
		7930A30E29E0199B0068D5E5 /* Strings.swift */ = {isa = PBXFileReference; lastKnownFileType = sourcecode.swift; path = Strings.swift; sourceTree = "<group>"; };
		795C729029E8722F004DB7E9 /* DataModel.xcdatamodel */ = {isa = PBXFileReference; lastKnownFileType = wrapper.xcdatamodel; path = DataModel.xcdatamodel; sourceTree = "<group>"; };
		795C72B229EA2975004DB7E9 /* CameraViewController.swift */ = {isa = PBXFileReference; lastKnownFileType = sourcecode.swift; path = CameraViewController.swift; sourceTree = "<group>"; };
		795C72B729F14A38004DB7E9 /* ViewModel.swift */ = {isa = PBXFileReference; lastKnownFileType = sourcecode.swift; path = ViewModel.swift; sourceTree = "<group>"; };
		795C72B929F14ECF004DB7E9 /* Images.swift */ = {isa = PBXFileReference; lastKnownFileType = sourcecode.swift; path = Images.swift; sourceTree = "<group>"; };
		795C72BD29F19EF6004DB7E9 /* Logger.swift */ = {isa = PBXFileReference; lastKnownFileType = sourcecode.swift; path = Logger.swift; sourceTree = "<group>"; };
		798FD1D429BD6D7F00C057A0 /* YarrProject.app */ = {isa = PBXFileReference; explicitFileType = wrapper.application; includeInIndex = 0; path = YarrProject.app; sourceTree = BUILT_PRODUCTS_DIR; };
		798FD1D729BD6D7F00C057A0 /* AppDelegate.swift */ = {isa = PBXFileReference; lastKnownFileType = sourcecode.swift; path = AppDelegate.swift; sourceTree = "<group>"; };
		798FD1D929BD6D7F00C057A0 /* SceneDelegate.swift */ = {isa = PBXFileReference; lastKnownFileType = sourcecode.swift; path = SceneDelegate.swift; sourceTree = "<group>"; };
		798FD1E029BD6D8000C057A0 /* Assets.xcassets */ = {isa = PBXFileReference; lastKnownFileType = folder.assetcatalog; path = Assets.xcassets; sourceTree = "<group>"; };
		798FD1E329BD6D8000C057A0 /* Base */ = {isa = PBXFileReference; lastKnownFileType = file.storyboard; name = Base; path = Base.lproj/LaunchScreen.storyboard; sourceTree = "<group>"; };
		798FD1E529BD6D8000C057A0 /* Info.plist */ = {isa = PBXFileReference; lastKnownFileType = text.plist.xml; path = Info.plist; sourceTree = "<group>"; };
		798FD1EB29BD6E3800C057A0 /* ProjectsListViewController.swift */ = {isa = PBXFileReference; lastKnownFileType = sourcecode.swift; path = ProjectsListViewController.swift; sourceTree = "<group>"; };
		798FD1F229C0A53A00C057A0 /* CommonCollectionViewCell.swift */ = {isa = PBXFileReference; lastKnownFileType = sourcecode.swift; path = CommonCollectionViewCell.swift; sourceTree = "<group>"; };
		79AA65102A0264EB00BDE66A /* BusinessModelManager.swift */ = {isa = PBXFileReference; lastKnownFileType = sourcecode.swift; path = BusinessModelManager.swift; sourceTree = "<group>"; };
		79AA65122A0272C800BDE66A /* UIImage+Ext.swift */ = {isa = PBXFileReference; lastKnownFileType = sourcecode.swift; path = "UIImage+Ext.swift"; sourceTree = "<group>"; };
		79AA65142A0272FA00BDE66A /* Data+Ext.swift */ = {isa = PBXFileReference; lastKnownFileType = sourcecode.swift; path = "Data+Ext.swift"; sourceTree = "<group>"; };
		79AA65182A02815100BDE66A /* Array+Ext.swift */ = {isa = PBXFileReference; lastKnownFileType = sourcecode.swift; path = "Array+Ext.swift"; sourceTree = "<group>"; };
		79B2CFEF2A163B2C00CB056E /* Predicates.swift */ = {isa = PBXFileReference; lastKnownFileType = sourcecode.swift; path = Predicates.swift; sourceTree = "<group>"; };
/* End PBXFileReference section */

/* Begin PBXFrameworksBuildPhase section */
		798FD1D129BD6D7F00C057A0 /* Frameworks */ = {
			isa = PBXFrameworksBuildPhase;
			buildActionMask = 2147483647;
			files = (
			);
			runOnlyForDeploymentPostprocessing = 0;
		};
/* End PBXFrameworksBuildPhase section */

/* Begin PBXGroup section */
		7930A30729DF151E0068D5E5 /* PojectsList */ = {
			isa = PBXGroup;
			children = (
				798FD1EB29BD6E3800C057A0 /* ProjectsListViewController.swift */,
			);
			path = PojectsList;
			sourceTree = "<group>";
		};
		7930A30829DF15380068D5E5 /* ProjectDetails */ = {
			isa = PBXGroup;
			children = (
				7919095529CDC53E00289B54 /* ProjectDetailsViewController.swift */,
			);
			path = ProjectDetails;
			sourceTree = "<group>";
		};
		7930A30D29DF190D0068D5E5 /* Utils */ = {
			isa = PBXGroup;
			children = (
				795C72BD29F19EF6004DB7E9 /* Logger.swift */,
				7930A30B29DF18CC0068D5E5 /* CoreDataManager.swift */,
				79AA65102A0264EB00BDE66A /* BusinessModelManager.swift */,
				7930A30529DEF43A0068D5E5 /* AlertPresenter.swift */,
			);
			path = Utils;
			sourceTree = "<group>";
		};
		795C72B429EA297A004DB7E9 /* Camera */ = {
			isa = PBXGroup;
			children = (
				795C72B229EA2975004DB7E9 /* CameraViewController.swift */,
			);
			path = Camera;
			sourceTree = "<group>";
		};
		798FD1CB29BD6D7F00C057A0 = {
			isa = PBXGroup;
			children = (
				798FD1D629BD6D7F00C057A0 /* YarrProject */,
				798FD1D529BD6D7F00C057A0 /* Products */,
			);
			sourceTree = "<group>";
		};
		798FD1D529BD6D7F00C057A0 /* Products */ = {
			isa = PBXGroup;
			children = (
				798FD1D429BD6D7F00C057A0 /* YarrProject.app */,
			);
			name = Products;
			sourceTree = "<group>";
		};
		798FD1D629BD6D7F00C057A0 /* YarrProject */ = {
			isa = PBXGroup;
			children = (
				798FD1D729BD6D7F00C057A0 /* AppDelegate.swift */,
				798FD1D929BD6D7F00C057A0 /* SceneDelegate.swift */,
				7919095929CDC8BB00289B54 /* VerticalCollectionView.swift */,
				798FD1F229C0A53A00C057A0 /* CommonCollectionViewCell.swift */,
				79AA65172A027AD800BDE66A /* Constants */,
				79AA65162A02732200BDE66A /* Extentions */,
				7930A30D29DF190D0068D5E5 /* Utils */,
				798FD1ED29BD6E4900C057A0 /* Controllers */,
				798FD1EE29BD6E7100C057A0 /* Model */,
				798FD1E029BD6D8000C057A0 /* Assets.xcassets */,
				798FD1E229BD6D8000C057A0 /* LaunchScreen.storyboard */,
				798FD1E529BD6D8000C057A0 /* Info.plist */,
			);
			path = YarrProject;
			sourceTree = "<group>";
		};
		798FD1ED29BD6E4900C057A0 /* Controllers */ = {
			isa = PBXGroup;
			children = (
				795C72B429EA297A004DB7E9 /* Camera */,
				7930A30729DF151E0068D5E5 /* PojectsList */,
				7930A30829DF15380068D5E5 /* ProjectDetails */,
			);
			path = Controllers;
			sourceTree = "<group>";
		};
		798FD1EE29BD6E7100C057A0 /* Model */ = {
			isa = PBXGroup;
			children = (
				795C72B729F14A38004DB7E9 /* ViewModel.swift */,
				795C728F29E8722F004DB7E9 /* DataModel.xcdatamodeld */,
			);
			path = Model;
			sourceTree = "<group>";
		};
		79AA65162A02732200BDE66A /* Extentions */ = {
			isa = PBXGroup;
			children = (
				7930A30129DEC45C0068D5E5 /* UICollectionView+Ext.swift */,
				79AA65122A0272C800BDE66A /* UIImage+Ext.swift */,
				79AA65142A0272FA00BDE66A /* Data+Ext.swift */,
				79AA65182A02815100BDE66A /* Array+Ext.swift */,
			);
			path = Extentions;
			sourceTree = "<group>";
		};
		79AA65172A027AD800BDE66A /* Constants */ = {
			isa = PBXGroup;
			children = (
				7930A30E29E0199B0068D5E5 /* Strings.swift */,
				795C72B929F14ECF004DB7E9 /* Images.swift */,
				7930A30329DEF1A40068D5E5 /* CommonConstants.swift */,
				79B2CFEF2A163B2C00CB056E /* Predicates.swift */,
			);
			path = Constants;
			sourceTree = "<group>";
		};
/* End PBXGroup section */

/* Begin PBXNativeTarget section */
		798FD1D329BD6D7F00C057A0 /* YarrProject */ = {
			isa = PBXNativeTarget;
			buildConfigurationList = 798FD1E829BD6D8000C057A0 /* Build configuration list for PBXNativeTarget "YarrProject" */;
			buildPhases = (
				798FD1D029BD6D7F00C057A0 /* Sources */,
				798FD1D129BD6D7F00C057A0 /* Frameworks */,
				798FD1D229BD6D7F00C057A0 /* Resources */,
			);
			buildRules = (
			);
			dependencies = (
			);
			name = YarrProject;
			productName = YarrProject;
			productReference = 798FD1D429BD6D7F00C057A0 /* YarrProject.app */;
			productType = "com.apple.product-type.application";
		};
/* End PBXNativeTarget section */

/* Begin PBXProject section */
		798FD1CC29BD6D7F00C057A0 /* Project object */ = {
			isa = PBXProject;
			attributes = {
				BuildIndependentTargetsInParallel = 1;
				LastSwiftUpdateCheck = 1420;
				LastUpgradeCheck = 1420;
				TargetAttributes = {
					798FD1D329BD6D7F00C057A0 = {
						CreatedOnToolsVersion = 14.2;
					};
				};
			};
			buildConfigurationList = 798FD1CF29BD6D7F00C057A0 /* Build configuration list for PBXProject "YarrProject" */;
			compatibilityVersion = "Xcode 14.0";
			developmentRegion = en;
			hasScannedForEncodings = 0;
			knownRegions = (
				en,
				Base,
			);
			mainGroup = 798FD1CB29BD6D7F00C057A0;
			productRefGroup = 798FD1D529BD6D7F00C057A0 /* Products */;
			projectDirPath = "";
			projectRoot = "";
			targets = (
				798FD1D329BD6D7F00C057A0 /* YarrProject */,
			);
		};
/* End PBXProject section */

/* Begin PBXResourcesBuildPhase section */
		798FD1D229BD6D7F00C057A0 /* Resources */ = {
			isa = PBXResourcesBuildPhase;
			buildActionMask = 2147483647;
			files = (
				798FD1E429BD6D8000C057A0 /* LaunchScreen.storyboard in Resources */,
				798FD1E129BD6D8000C057A0 /* Assets.xcassets in Resources */,
			);
			runOnlyForDeploymentPostprocessing = 0;
		};
/* End PBXResourcesBuildPhase section */

/* Begin PBXSourcesBuildPhase section */
		798FD1D029BD6D7F00C057A0 /* Sources */ = {
			isa = PBXSourcesBuildPhase;
			buildActionMask = 2147483647;
			files = (
				7930A30F29E0199B0068D5E5 /* Strings.swift in Sources */,
				79AA65112A0264EB00BDE66A /* BusinessModelManager.swift in Sources */,
				798FD1D829BD6D7F00C057A0 /* AppDelegate.swift in Sources */,
				7919095629CDC53E00289B54 /* ProjectDetailsViewController.swift in Sources */,
				7930A30229DEC45C0068D5E5 /* UICollectionView+Ext.swift in Sources */,
				7930A30429DEF1A50068D5E5 /* CommonConstants.swift in Sources */,
				7930A30629DEF43A0068D5E5 /* AlertPresenter.swift in Sources */,
				79AA65152A0272FA00BDE66A /* Data+Ext.swift in Sources */,
				79B2CFF02A163B2C00CB056E /* Predicates.swift in Sources */,
				79AA65132A0272C800BDE66A /* UIImage+Ext.swift in Sources */,
				798FD1DA29BD6D7F00C057A0 /* SceneDelegate.swift in Sources */,
				795C72BE29F19EF6004DB7E9 /* Logger.swift in Sources */,
				798FD1EC29BD6E3800C057A0 /* ProjectsListViewController.swift in Sources */,
				7919095A29CDC8BB00289B54 /* VerticalCollectionView.swift in Sources */,
				795C72B829F14A38004DB7E9 /* ViewModel.swift in Sources */,
				795C729129E8722F004DB7E9 /* DataModel.xcdatamodeld in Sources */,
				795C72B329EA2975004DB7E9 /* CameraViewController.swift in Sources */,
				795C72BA29F14ECF004DB7E9 /* Images.swift in Sources */,
				79AA65192A02815100BDE66A /* Array+Ext.swift in Sources */,
				7930A30C29DF18CC0068D5E5 /* CoreDataManager.swift in Sources */,
				798FD1F429C0A53A00C057A0 /* CommonCollectionViewCell.swift in Sources */,
			);
			runOnlyForDeploymentPostprocessing = 0;
		};
/* End PBXSourcesBuildPhase section */

/* Begin PBXVariantGroup section */
		798FD1E229BD6D8000C057A0 /* LaunchScreen.storyboard */ = {
			isa = PBXVariantGroup;
			children = (
				798FD1E329BD6D8000C057A0 /* Base */,
			);
			name = LaunchScreen.storyboard;
			sourceTree = "<group>";
		};
/* End PBXVariantGroup section */

/* Begin XCBuildConfiguration section */
		798FD1E629BD6D8000C057A0 /* Debug */ = {
			isa = XCBuildConfiguration;
			buildSettings = {
				ALWAYS_SEARCH_USER_PATHS = NO;
				CLANG_ANALYZER_NONNULL = YES;
				CLANG_ANALYZER_NUMBER_OBJECT_CONVERSION = YES_AGGRESSIVE;
				CLANG_CXX_LANGUAGE_STANDARD = "gnu++20";
				CLANG_ENABLE_MODULES = YES;
				CLANG_ENABLE_OBJC_ARC = YES;
				CLANG_ENABLE_OBJC_WEAK = YES;
				CLANG_WARN_BLOCK_CAPTURE_AUTORELEASING = YES;
				CLANG_WARN_BOOL_CONVERSION = YES;
				CLANG_WARN_COMMA = YES;
				CLANG_WARN_CONSTANT_CONVERSION = YES;
				CLANG_WARN_DEPRECATED_OBJC_IMPLEMENTATIONS = YES;
				CLANG_WARN_DIRECT_OBJC_ISA_USAGE = YES_ERROR;
				CLANG_WARN_DOCUMENTATION_COMMENTS = YES;
				CLANG_WARN_EMPTY_BODY = YES;
				CLANG_WARN_ENUM_CONVERSION = YES;
				CLANG_WARN_INFINITE_RECURSION = YES;
				CLANG_WARN_INT_CONVERSION = YES;
				CLANG_WARN_NON_LITERAL_NULL_CONVERSION = YES;
				CLANG_WARN_OBJC_IMPLICIT_RETAIN_SELF = YES;
				CLANG_WARN_OBJC_LITERAL_CONVERSION = YES;
				CLANG_WARN_OBJC_ROOT_CLASS = YES_ERROR;
				CLANG_WARN_QUOTED_INCLUDE_IN_FRAMEWORK_HEADER = YES;
				CLANG_WARN_RANGE_LOOP_ANALYSIS = YES;
				CLANG_WARN_STRICT_PROTOTYPES = YES;
				CLANG_WARN_SUSPICIOUS_MOVE = YES;
				CLANG_WARN_UNGUARDED_AVAILABILITY = YES_AGGRESSIVE;
				CLANG_WARN_UNREACHABLE_CODE = YES;
				CLANG_WARN__DUPLICATE_METHOD_MATCH = YES;
				COPY_PHASE_STRIP = NO;
				DEBUG_INFORMATION_FORMAT = dwarf;
				ENABLE_STRICT_OBJC_MSGSEND = YES;
				ENABLE_TESTABILITY = YES;
				GCC_C_LANGUAGE_STANDARD = gnu11;
				GCC_DYNAMIC_NO_PIC = NO;
				GCC_NO_COMMON_BLOCKS = YES;
				GCC_OPTIMIZATION_LEVEL = 0;
				GCC_PREPROCESSOR_DEFINITIONS = (
					"DEBUG=1",
					"$(inherited)",
				);
				GCC_WARN_64_TO_32_BIT_CONVERSION = YES;
				GCC_WARN_ABOUT_RETURN_TYPE = YES_ERROR;
				GCC_WARN_UNDECLARED_SELECTOR = YES;
				GCC_WARN_UNINITIALIZED_AUTOS = YES_AGGRESSIVE;
				GCC_WARN_UNUSED_FUNCTION = YES;
				GCC_WARN_UNUSED_VARIABLE = YES;
				IPHONEOS_DEPLOYMENT_TARGET = 16.2;
				MTL_ENABLE_DEBUG_INFO = INCLUDE_SOURCE;
				MTL_FAST_MATH = YES;
				ONLY_ACTIVE_ARCH = YES;
				SDKROOT = iphoneos;
				SWIFT_ACTIVE_COMPILATION_CONDITIONS = DEBUG;
				SWIFT_OPTIMIZATION_LEVEL = "-Onone";
			};
			name = Debug;
		};
		798FD1E729BD6D8000C057A0 /* Release */ = {
			isa = XCBuildConfiguration;
			buildSettings = {
				ALWAYS_SEARCH_USER_PATHS = NO;
				CLANG_ANALYZER_NONNULL = YES;
				CLANG_ANALYZER_NUMBER_OBJECT_CONVERSION = YES_AGGRESSIVE;
				CLANG_CXX_LANGUAGE_STANDARD = "gnu++20";
				CLANG_ENABLE_MODULES = YES;
				CLANG_ENABLE_OBJC_ARC = YES;
				CLANG_ENABLE_OBJC_WEAK = YES;
				CLANG_WARN_BLOCK_CAPTURE_AUTORELEASING = YES;
				CLANG_WARN_BOOL_CONVERSION = YES;
				CLANG_WARN_COMMA = YES;
				CLANG_WARN_CONSTANT_CONVERSION = YES;
				CLANG_WARN_DEPRECATED_OBJC_IMPLEMENTATIONS = YES;
				CLANG_WARN_DIRECT_OBJC_ISA_USAGE = YES_ERROR;
				CLANG_WARN_DOCUMENTATION_COMMENTS = YES;
				CLANG_WARN_EMPTY_BODY = YES;
				CLANG_WARN_ENUM_CONVERSION = YES;
				CLANG_WARN_INFINITE_RECURSION = YES;
				CLANG_WARN_INT_CONVERSION = YES;
				CLANG_WARN_NON_LITERAL_NULL_CONVERSION = YES;
				CLANG_WARN_OBJC_IMPLICIT_RETAIN_SELF = YES;
				CLANG_WARN_OBJC_LITERAL_CONVERSION = YES;
				CLANG_WARN_OBJC_ROOT_CLASS = YES_ERROR;
				CLANG_WARN_QUOTED_INCLUDE_IN_FRAMEWORK_HEADER = YES;
				CLANG_WARN_RANGE_LOOP_ANALYSIS = YES;
				CLANG_WARN_STRICT_PROTOTYPES = YES;
				CLANG_WARN_SUSPICIOUS_MOVE = YES;
				CLANG_WARN_UNGUARDED_AVAILABILITY = YES_AGGRESSIVE;
				CLANG_WARN_UNREACHABLE_CODE = YES;
				CLANG_WARN__DUPLICATE_METHOD_MATCH = YES;
				COPY_PHASE_STRIP = NO;
				DEBUG_INFORMATION_FORMAT = "dwarf-with-dsym";
				ENABLE_NS_ASSERTIONS = NO;
				ENABLE_STRICT_OBJC_MSGSEND = YES;
				GCC_C_LANGUAGE_STANDARD = gnu11;
				GCC_NO_COMMON_BLOCKS = YES;
				GCC_WARN_64_TO_32_BIT_CONVERSION = YES;
				GCC_WARN_ABOUT_RETURN_TYPE = YES_ERROR;
				GCC_WARN_UNDECLARED_SELECTOR = YES;
				GCC_WARN_UNINITIALIZED_AUTOS = YES_AGGRESSIVE;
				GCC_WARN_UNUSED_FUNCTION = YES;
				GCC_WARN_UNUSED_VARIABLE = YES;
				IPHONEOS_DEPLOYMENT_TARGET = 16.2;
				MTL_ENABLE_DEBUG_INFO = NO;
				MTL_FAST_MATH = YES;
				SDKROOT = iphoneos;
				SWIFT_COMPILATION_MODE = wholemodule;
				SWIFT_OPTIMIZATION_LEVEL = "-O";
				VALIDATE_PRODUCT = YES;
			};
			name = Release;
		};
		798FD1E929BD6D8000C057A0 /* Debug */ = {
			isa = XCBuildConfiguration;
			buildSettings = {
				ASSETCATALOG_COMPILER_APPICON_NAME = AppIcon;
				ASSETCATALOG_COMPILER_GLOBAL_ACCENT_COLOR_NAME = AccentColor;
				CODE_SIGN_STYLE = Automatic;
				CURRENT_PROJECT_VERSION = 1;
				DEVELOPMENT_TEAM = 24928479RW;
				GENERATE_INFOPLIST_FILE = YES;
				INFOPLIST_FILE = YarrProject/Info.plist;
				INFOPLIST_KEY_UIApplicationSupportsIndirectInputEvents = YES;
				INFOPLIST_KEY_UILaunchStoryboardName = LaunchScreen;
				INFOPLIST_KEY_UIMainStoryboardFile = "";
				INFOPLIST_KEY_UISupportedInterfaceOrientations = UIInterfaceOrientationPortrait;
				IPHONEOS_DEPLOYMENT_TARGET = 13.0;
				LD_RUNPATH_SEARCH_PATHS = (
					"$(inherited)",
					"@executable_path/Frameworks",
				);
				MARKETING_VERSION = 1.0;
				PRODUCT_BUNDLE_IDENTIFIER = com.nick.dustikdev.YarrProject;
				PRODUCT_NAME = "$(TARGET_NAME)";
				SWIFT_EMIT_LOC_STRINGS = YES;
				SWIFT_VERSION = 5.0;
				TARGETED_DEVICE_FAMILY = "1,2";
			};
			name = Debug;
		};
		798FD1EA29BD6D8000C057A0 /* Release */ = {
			isa = XCBuildConfiguration;
			buildSettings = {
				ASSETCATALOG_COMPILER_APPICON_NAME = AppIcon;
				ASSETCATALOG_COMPILER_GLOBAL_ACCENT_COLOR_NAME = AccentColor;
				CODE_SIGN_STYLE = Automatic;
				CURRENT_PROJECT_VERSION = 1;
				DEVELOPMENT_TEAM = 24928479RW;
				GENERATE_INFOPLIST_FILE = YES;
				INFOPLIST_FILE = YarrProject/Info.plist;
				INFOPLIST_KEY_UIApplicationSupportsIndirectInputEvents = YES;
				INFOPLIST_KEY_UILaunchStoryboardName = LaunchScreen;
				INFOPLIST_KEY_UIMainStoryboardFile = "";
				INFOPLIST_KEY_UISupportedInterfaceOrientations = UIInterfaceOrientationPortrait;
				IPHONEOS_DEPLOYMENT_TARGET = 13.0;
				LD_RUNPATH_SEARCH_PATHS = (
					"$(inherited)",
					"@executable_path/Frameworks",
				);
				MARKETING_VERSION = 1.0;
				PRODUCT_BUNDLE_IDENTIFIER = com.nick.dustikdev.YarrProject;
				PRODUCT_NAME = "$(TARGET_NAME)";
				SWIFT_EMIT_LOC_STRINGS = YES;
				SWIFT_VERSION = 5.0;
				TARGETED_DEVICE_FAMILY = "1,2";
			};
			name = Release;
		};
/* End XCBuildConfiguration section */

/* Begin XCConfigurationList section */
		798FD1CF29BD6D7F00C057A0 /* Build configuration list for PBXProject "YarrProject" */ = {
			isa = XCConfigurationList;
			buildConfigurations = (
				798FD1E629BD6D8000C057A0 /* Debug */,
				798FD1E729BD6D8000C057A0 /* Release */,
			);
			defaultConfigurationIsVisible = 0;
			defaultConfigurationName = Release;
		};
		798FD1E829BD6D8000C057A0 /* Build configuration list for PBXNativeTarget "YarrProject" */ = {
			isa = XCConfigurationList;
			buildConfigurations = (
				798FD1E929BD6D8000C057A0 /* Debug */,
				798FD1EA29BD6D8000C057A0 /* Release */,
			);
			defaultConfigurationIsVisible = 0;
			defaultConfigurationName = Release;
		};
/* End XCConfigurationList section */

/* Begin XCVersionGroup section */
		795C728F29E8722F004DB7E9 /* DataModel.xcdatamodeld */ = {
			isa = XCVersionGroup;
			children = (
				795C729029E8722F004DB7E9 /* DataModel.xcdatamodel */,
			);
			currentVersion = 795C729029E8722F004DB7E9 /* DataModel.xcdatamodel */;
			path = DataModel.xcdatamodeld;
			sourceTree = "<group>";
			versionGroupType = wrapper.xcdatamodel;
		};
/* End XCVersionGroup section */
	};
	rootObject = 798FD1CC29BD6D7F00C057A0 /* Project object */;
}
